// !$*UTF8*$!
{
	archiveVersion = 1;
	classes = {
	};
	objectVersion = 46;
	objects = {

/* Begin PBXBuildFile section */
		A209424D1E2B30C30089F98C /* SystemsViewController.swift in Sources */ = {isa = PBXBuildFile; fileRef = A209424C1E2B30C30089F98C /* SystemsViewController.swift */; };
		A20942511E2B44E40089F98C /* CoreDataHelper.swift in Sources */ = {isa = PBXBuildFile; fileRef = A20942501E2B44E40089F98C /* CoreDataHelper.swift */; };
		A26320491E2C5C2700485FB5 /* SystemsTableViewCell.swift in Sources */ = {isa = PBXBuildFile; fileRef = A26320471E2C5C2700485FB5 /* SystemsTableViewCell.swift */; };
		A263204A1E2C5C2700485FB5 /* SystemsTableViewCell.xib in Resources */ = {isa = PBXBuildFile; fileRef = A26320481E2C5C2700485FB5 /* SystemsTableViewCell.xib */; };
		A263204D1E2C665500485FB5 /* UIColor Extension.swift in Sources */ = {isa = PBXBuildFile; fileRef = A263204C1E2C665500485FB5 /* UIColor Extension.swift */; };
		A27959EF1E2B1CDC003CD981 /* AppDelegate.swift in Sources */ = {isa = PBXBuildFile; fileRef = A27959EE1E2B1CDC003CD981 /* AppDelegate.swift */; };
		A27959F41E2B1CDC003CD981 /* Main.storyboard in Resources */ = {isa = PBXBuildFile; fileRef = A27959F21E2B1CDC003CD981 /* Main.storyboard */; };
		A27959F71E2B1CDC003CD981 /* MindHack.xcdatamodeld in Sources */ = {isa = PBXBuildFile; fileRef = A27959F51E2B1CDC003CD981 /* MindHack.xcdatamodeld */; };
		A27959F91E2B1CDC003CD981 /* Assets.xcassets in Resources */ = {isa = PBXBuildFile; fileRef = A27959F81E2B1CDC003CD981 /* Assets.xcassets */; };
		A27959FC1E2B1CDC003CD981 /* LaunchScreen.storyboard in Resources */ = {isa = PBXBuildFile; fileRef = A27959FA1E2B1CDC003CD981 /* LaunchScreen.storyboard */; };
		A2795A041E2B1DAB003CD981 /* DisplaySystemViewController.swift in Sources */ = {isa = PBXBuildFile; fileRef = A2795A031E2B1DAB003CD981 /* DisplaySystemViewController.swift */; };
		ECAAA7C93EFFE0DB8E7CC58D /* Pods_MindHack.framework in Frameworks */ = {isa = PBXBuildFile; fileRef = 415C4A439FEA6F645ED0A8E9 /* Pods_MindHack.framework */; };
/* End PBXBuildFile section */

/* Begin PBXFileReference section */
		415C4A439FEA6F645ED0A8E9 /* Pods_MindHack.framework */ = {isa = PBXFileReference; explicitFileType = wrapper.framework; includeInIndex = 0; path = Pods_MindHack.framework; sourceTree = BUILT_PRODUCTS_DIR; };
		A209424C1E2B30C30089F98C /* SystemsViewController.swift */ = {isa = PBXFileReference; fileEncoding = 4; lastKnownFileType = sourcecode.swift; path = SystemsViewController.swift; sourceTree = "<group>"; };
		A20942501E2B44E40089F98C /* CoreDataHelper.swift */ = {isa = PBXFileReference; fileEncoding = 4; lastKnownFileType = sourcecode.swift; path = CoreDataHelper.swift; sourceTree = "<group>"; };
		A26320471E2C5C2700485FB5 /* SystemsTableViewCell.swift */ = {isa = PBXFileReference; fileEncoding = 4; lastKnownFileType = sourcecode.swift; path = SystemsTableViewCell.swift; sourceTree = "<group>"; };
		A26320481E2C5C2700485FB5 /* SystemsTableViewCell.xib */ = {isa = PBXFileReference; fileEncoding = 4; lastKnownFileType = file.xib; path = SystemsTableViewCell.xib; sourceTree = "<group>"; };
		A263204C1E2C665500485FB5 /* UIColor Extension.swift */ = {isa = PBXFileReference; fileEncoding = 4; lastKnownFileType = sourcecode.swift; path = "UIColor Extension.swift"; sourceTree = "<group>"; };
		A27959EB1E2B1CDC003CD981 /* MindHack.app */ = {isa = PBXFileReference; explicitFileType = wrapper.application; includeInIndex = 0; path = MindHack.app; sourceTree = BUILT_PRODUCTS_DIR; };
		A27959EE1E2B1CDC003CD981 /* AppDelegate.swift */ = {isa = PBXFileReference; lastKnownFileType = sourcecode.swift; path = AppDelegate.swift; sourceTree = "<group>"; };
		A27959F31E2B1CDC003CD981 /* Base */ = {isa = PBXFileReference; lastKnownFileType = file.storyboard; name = Base; path = Base.lproj/Main.storyboard; sourceTree = "<group>"; };
		A27959F61E2B1CDC003CD981 /* MindHack.xcdatamodel */ = {isa = PBXFileReference; lastKnownFileType = wrapper.xcdatamodel; path = MindHack.xcdatamodel; sourceTree = "<group>"; };
		A27959F81E2B1CDC003CD981 /* Assets.xcassets */ = {isa = PBXFileReference; lastKnownFileType = folder.assetcatalog; path = Assets.xcassets; sourceTree = "<group>"; };
		A27959FB1E2B1CDC003CD981 /* Base */ = {isa = PBXFileReference; lastKnownFileType = file.storyboard; name = Base; path = Base.lproj/LaunchScreen.storyboard; sourceTree = "<group>"; };
		A27959FD1E2B1CDC003CD981 /* Info.plist */ = {isa = PBXFileReference; lastKnownFileType = text.plist.xml; path = Info.plist; sourceTree = "<group>"; };
		A2795A031E2B1DAB003CD981 /* DisplaySystemViewController.swift */ = {isa = PBXFileReference; fileEncoding = 4; lastKnownFileType = sourcecode.swift; path = DisplaySystemViewController.swift; sourceTree = "<group>"; };
		A2A674471E30386100FAD46D /* MindHack-Bridging-Header.h */ = {isa = PBXFileReference; lastKnownFileType = sourcecode.c.h; path = "MindHack-Bridging-Header.h"; sourceTree = SOURCE_ROOT; };
		A2A6744A1E3041E100FAD46D /* Pods-MindHack.debug.xcconfig */ = {isa = PBXFileReference; fileEncoding = 4; lastKnownFileType = text.xcconfig; name = "Pods-MindHack.debug.xcconfig"; path = "MindHack/Pods-MindHack.debug.xcconfig"; sourceTree = "<group>"; };
		A2A6744B1E3041E100FAD46D /* Pods-MindHack.release.xcconfig */ = {isa = PBXFileReference; fileEncoding = 4; lastKnownFileType = text.xcconfig; name = "Pods-MindHack.release.xcconfig"; path = "MindHack/Pods-MindHack.release.xcconfig"; sourceTree = "<group>"; };
/* End PBXFileReference section */

/* Begin PBXFrameworksBuildPhase section */
		A27959E81E2B1CDC003CD981 /* Frameworks */ = {
			isa = PBXFrameworksBuildPhase;
			buildActionMask = 2147483647;
			files = (
				ECAAA7C93EFFE0DB8E7CC58D /* Pods_MindHack.framework in Frameworks */,
			);
			runOnlyForDeploymentPostprocessing = 0;
		};
/* End PBXFrameworksBuildPhase section */

/* Begin PBXGroup section */
		6919260F5F2611EB153EF587 /* Frameworks */ = {
			isa = PBXGroup;
			children = (
				415C4A439FEA6F645ED0A8E9 /* Pods_MindHack.framework */,
			);
			name = Frameworks;
			sourceTree = "<group>";
		};
		9CFCDB30E59FC11C18E2CCC0 /* Pods */ = {
			isa = PBXGroup;
			children = (
				A2A6744A1E3041E100FAD46D /* Pods-MindHack.debug.xcconfig */,
				A2A6744B1E3041E100FAD46D /* Pods-MindHack.release.xcconfig */,
			);
			name = Pods;
			sourceTree = "<group>";
		};
		A209424E1E2B44CE0089F98C /* Controllers */ = {
			isa = PBXGroup;
			children = (
				A209424C1E2B30C30089F98C /* SystemsViewController.swift */,
				A2795A031E2B1DAB003CD981 /* DisplaySystemViewController.swift */,
			);
			name = Controllers;
			sourceTree = "<group>";
		};
		A209424F1E2B44D70089F98C /* Plugins */ = {
			isa = PBXGroup;
			children = (
				A20942501E2B44E40089F98C /* CoreDataHelper.swift */,
			);
			name = Plugins;
			sourceTree = "<group>";
		};
		A26320461E2C54E900485FB5 /* Views */ = {
			isa = PBXGroup;
			children = (
				A26320471E2C5C2700485FB5 /* SystemsTableViewCell.swift */,
				A26320481E2C5C2700485FB5 /* SystemsTableViewCell.xib */,
			);
			name = Views;
			sourceTree = "<group>";
		};
		A263204B1E2C664400485FB5 /* Extensions */ = {
			isa = PBXGroup;
			children = (
				A263204C1E2C665500485FB5 /* UIColor Extension.swift */,
			);
			name = Extensions;
			sourceTree = "<group>";
		};
		A27959E21E2B1CDC003CD981 = {
			isa = PBXGroup;
			children = (
				A27959ED1E2B1CDC003CD981 /* MindHack */,
				A27959EC1E2B1CDC003CD981 /* Products */,
				9CFCDB30E59FC11C18E2CCC0 /* Pods */,
				6919260F5F2611EB153EF587 /* Frameworks */,
			);
			sourceTree = "<group>";
		};
		A27959EC1E2B1CDC003CD981 /* Products */ = {
			isa = PBXGroup;
			children = (
				A27959EB1E2B1CDC003CD981 /* MindHack.app */,
			);
			name = Products;
			sourceTree = "<group>";
		};
		A27959ED1E2B1CDC003CD981 /* MindHack */ = {
			isa = PBXGroup;
			children = (
				A209424E1E2B44CE0089F98C /* Controllers */,
				A26320461E2C54E900485FB5 /* Views */,
				A209424F1E2B44D70089F98C /* Plugins */,
				A263204B1E2C664400485FB5 /* Extensions */,
				A27959EE1E2B1CDC003CD981 /* AppDelegate.swift */,
				A2A674471E30386100FAD46D /* MindHack-Bridging-Header.h */,
				A27959F21E2B1CDC003CD981 /* Main.storyboard */,
				A27959F81E2B1CDC003CD981 /* Assets.xcassets */,
				A27959FA1E2B1CDC003CD981 /* LaunchScreen.storyboard */,
				A27959FD1E2B1CDC003CD981 /* Info.plist */,
				A27959F51E2B1CDC003CD981 /* MindHack.xcdatamodeld */,
			);
			path = MindHack;
			sourceTree = "<group>";
		};
/* End PBXGroup section */

/* Begin PBXNativeTarget section */
		A27959EA1E2B1CDC003CD981 /* MindHack */ = {
			isa = PBXNativeTarget;
			buildConfigurationList = A2795A001E2B1CDC003CD981 /* Build configuration list for PBXNativeTarget "MindHack" */;
			buildPhases = (
				42DF27DF195F9EB3F2E611FB /* [CP] Check Pods Manifest.lock */,
				A27959E71E2B1CDC003CD981 /* Sources */,
				A27959E81E2B1CDC003CD981 /* Frameworks */,
				A27959E91E2B1CDC003CD981 /* Resources */,
				77C2442B6F99D9D30BEDD0D2 /* [CP] Embed Pods Frameworks */,
				DC6F4C8D5399CBE9A9C69532 /* [CP] Copy Pods Resources */,
			);
			buildRules = (
			);
			dependencies = (
			);
			name = MindHack;
			productName = MindHack;
			productReference = A27959EB1E2B1CDC003CD981 /* MindHack.app */;
			productType = "com.apple.product-type.application";
		};
/* End PBXNativeTarget section */

/* Begin PBXProject section */
		A27959E31E2B1CDC003CD981 /* Project object */ = {
			isa = PBXProject;
			attributes = {
				LastSwiftUpdateCheck = 0820;
				LastUpgradeCheck = 0820;
				ORGANIZATIONNAME = "Bryan Ye";
				TargetAttributes = {
					A27959EA1E2B1CDC003CD981 = {
						CreatedOnToolsVersion = 8.2.1;
						DevelopmentTeam = AGKE49ZWKM;
						LastSwiftMigration = 0820;
						ProvisioningStyle = Automatic;
					};
				};
			};
			buildConfigurationList = A27959E61E2B1CDC003CD981 /* Build configuration list for PBXProject "MindHack" */;
			compatibilityVersion = "Xcode 3.2";
			developmentRegion = English;
			hasScannedForEncodings = 0;
			knownRegions = (
				en,
				Base,
			);
			mainGroup = A27959E21E2B1CDC003CD981;
			productRefGroup = A27959EC1E2B1CDC003CD981 /* Products */;
			projectDirPath = "";
			projectRoot = "";
			targets = (
				A27959EA1E2B1CDC003CD981 /* MindHack */,
			);
		};
/* End PBXProject section */

/* Begin PBXResourcesBuildPhase section */
		A27959E91E2B1CDC003CD981 /* Resources */ = {
			isa = PBXResourcesBuildPhase;
			buildActionMask = 2147483647;
			files = (
				A263204A1E2C5C2700485FB5 /* SystemsTableViewCell.xib in Resources */,
				A27959FC1E2B1CDC003CD981 /* LaunchScreen.storyboard in Resources */,
				A27959F91E2B1CDC003CD981 /* Assets.xcassets in Resources */,
				A27959F41E2B1CDC003CD981 /* Main.storyboard in Resources */,
			);
			runOnlyForDeploymentPostprocessing = 0;
		};
/* End PBXResourcesBuildPhase section */

/* Begin PBXShellScriptBuildPhase section */
		42DF27DF195F9EB3F2E611FB /* [CP] Check Pods Manifest.lock */ = {
			isa = PBXShellScriptBuildPhase;
			buildActionMask = 2147483647;
			files = (
			);
			inputPaths = (
			);
			name = "[CP] Check Pods Manifest.lock";
			outputPaths = (
			);
			runOnlyForDeploymentPostprocessing = 0;
			shellPath = /bin/sh;
			shellScript = "diff \"${PODS_ROOT}/../Podfile.lock\" \"${PODS_ROOT}/Manifest.lock\" > /dev/null\nif [ $? != 0 ] ; then\n    # print error to STDERR\n    echo \"error: The sandbox is not in sync with the Podfile.lock. Run 'pod install' or update your CocoaPods installation.\" >&2\n    exit 1\nfi\n";
			showEnvVarsInLog = 0;
		};
		77C2442B6F99D9D30BEDD0D2 /* [CP] Embed Pods Frameworks */ = {
			isa = PBXShellScriptBuildPhase;
			buildActionMask = 2147483647;
			files = (
			);
			inputPaths = (
			);
			name = "[CP] Embed Pods Frameworks";
			outputPaths = (
			);
			runOnlyForDeploymentPostprocessing = 0;
			shellPath = /bin/sh;
			shellScript = "\"${SRCROOT}/Pods/Target Support Files/Pods-MindHack/Pods-MindHack-frameworks.sh\"\n";
			showEnvVarsInLog = 0;
		};
		DC6F4C8D5399CBE9A9C69532 /* [CP] Copy Pods Resources */ = {
			isa = PBXShellScriptBuildPhase;
			buildActionMask = 2147483647;
			files = (
			);
			inputPaths = (
			);
			name = "[CP] Copy Pods Resources";
			outputPaths = (
			);
			runOnlyForDeploymentPostprocessing = 0;
			shellPath = /bin/sh;
			shellScript = "\"${SRCROOT}/Pods/Target Support Files/Pods-MindHack/Pods-MindHack-resources.sh\"\n";
			showEnvVarsInLog = 0;
		};
/* End PBXShellScriptBuildPhase section */

/* Begin PBXSourcesBuildPhase section */
		A27959E71E2B1CDC003CD981 /* Sources */ = {
			isa = PBXSourcesBuildPhase;
			buildActionMask = 2147483647;
			files = (
				A26320491E2C5C2700485FB5 /* SystemsTableViewCell.swift in Sources */,
				A20942511E2B44E40089F98C /* CoreDataHelper.swift in Sources */,
				A263204D1E2C665500485FB5 /* UIColor Extension.swift in Sources */,
				A2795A041E2B1DAB003CD981 /* DisplaySystemViewController.swift in Sources */,
				A209424D1E2B30C30089F98C /* SystemsViewController.swift in Sources */,
				A27959F71E2B1CDC003CD981 /* MindHack.xcdatamodeld in Sources */,
				A27959EF1E2B1CDC003CD981 /* AppDelegate.swift in Sources */,
			);
			runOnlyForDeploymentPostprocessing = 0;
		};
/* End PBXSourcesBuildPhase section */

/* Begin PBXVariantGroup section */
		A27959F21E2B1CDC003CD981 /* Main.storyboard */ = {
			isa = PBXVariantGroup;
			children = (
				A27959F31E2B1CDC003CD981 /* Base */,
			);
			name = Main.storyboard;
			sourceTree = "<group>";
		};
		A27959FA1E2B1CDC003CD981 /* LaunchScreen.storyboard */ = {
			isa = PBXVariantGroup;
			children = (
				A27959FB1E2B1CDC003CD981 /* Base */,
			);
			name = LaunchScreen.storyboard;
			sourceTree = "<group>";
		};
/* End PBXVariantGroup section */

/* Begin XCBuildConfiguration section */
		A27959FE1E2B1CDC003CD981 /* Debug */ = {
			isa = XCBuildConfiguration;
			buildSettings = {
				ALWAYS_SEARCH_USER_PATHS = NO;
				CLANG_ANALYZER_NONNULL = YES;
				CLANG_CXX_LANGUAGE_STANDARD = "gnu++0x";
				CLANG_CXX_LIBRARY = "libc++";
				CLANG_ENABLE_MODULES = YES;
				CLANG_ENABLE_OBJC_ARC = YES;
				CLANG_WARN_BOOL_CONVERSION = YES;
				CLANG_WARN_CONSTANT_CONVERSION = YES;
				CLANG_WARN_DIRECT_OBJC_ISA_USAGE = YES_ERROR;
				CLANG_WARN_DOCUMENTATION_COMMENTS = YES;
				CLANG_WARN_EMPTY_BODY = YES;
				CLANG_WARN_ENUM_CONVERSION = YES;
				CLANG_WARN_INFINITE_RECURSION = YES;
				CLANG_WARN_INT_CONVERSION = YES;
				CLANG_WARN_OBJC_ROOT_CLASS = YES_ERROR;
				CLANG_WARN_SUSPICIOUS_MOVE = YES;
				CLANG_WARN_UNREACHABLE_CODE = YES;
				CLANG_WARN__DUPLICATE_METHOD_MATCH = YES;
				"CODE_SIGN_IDENTITY[sdk=iphoneos*]" = "iPhone Developer";
				COPY_PHASE_STRIP = NO;
				DEBUG_INFORMATION_FORMAT = dwarf;
				ENABLE_STRICT_OBJC_MSGSEND = YES;
				ENABLE_TESTABILITY = YES;
				GCC_C_LANGUAGE_STANDARD = gnu99;
				GCC_DYNAMIC_NO_PIC = NO;
				GCC_NO_COMMON_BLOCKS = YES;
				GCC_OPTIMIZATION_LEVEL = 0;
				GCC_PREPROCESSOR_DEFINITIONS = (
					"DEBUG=1",
					"$(inherited)",
				);
				GCC_WARN_64_TO_32_BIT_CONVERSION = YES;
				GCC_WARN_ABOUT_RETURN_TYPE = YES_ERROR;
				GCC_WARN_UNDECLARED_SELECTOR = YES;
				GCC_WARN_UNINITIALIZED_AUTOS = YES_AGGRESSIVE;
				GCC_WARN_UNUSED_FUNCTION = YES;
				GCC_WARN_UNUSED_VARIABLE = YES;
				IPHONEOS_DEPLOYMENT_TARGET = 10.2;
				MTL_ENABLE_DEBUG_INFO = YES;
				ONLY_ACTIVE_ARCH = YES;
				SDKROOT = iphoneos;
				SWIFT_ACTIVE_COMPILATION_CONDITIONS = DEBUG;
				SWIFT_OPTIMIZATION_LEVEL = "-Onone";
			};
			name = Debug;
		};
		A27959FF1E2B1CDC003CD981 /* Release */ = {
			isa = XCBuildConfiguration;
			buildSettings = {
				ALWAYS_SEARCH_USER_PATHS = NO;
				CLANG_ANALYZER_NONNULL = YES;
				CLANG_CXX_LANGUAGE_STANDARD = "gnu++0x";
				CLANG_CXX_LIBRARY = "libc++";
				CLANG_ENABLE_MODULES = YES;
				CLANG_ENABLE_OBJC_ARC = YES;
				CLANG_WARN_BOOL_CONVERSION = YES;
				CLANG_WARN_CONSTANT_CONVERSION = YES;
				CLANG_WARN_DIRECT_OBJC_ISA_USAGE = YES_ERROR;
				CLANG_WARN_DOCUMENTATION_COMMENTS = YES;
				CLANG_WARN_EMPTY_BODY = YES;
				CLANG_WARN_ENUM_CONVERSION = YES;
				CLANG_WARN_INFINITE_RECURSION = YES;
				CLANG_WARN_INT_CONVERSION = YES;
				CLANG_WARN_OBJC_ROOT_CLASS = YES_ERROR;
				CLANG_WARN_SUSPICIOUS_MOVE = YES;
				CLANG_WARN_UNREACHABLE_CODE = YES;
				CLANG_WARN__DUPLICATE_METHOD_MATCH = YES;
				"CODE_SIGN_IDENTITY[sdk=iphoneos*]" = "iPhone Developer";
				COPY_PHASE_STRIP = NO;
				DEBUG_INFORMATION_FORMAT = "dwarf-with-dsym";
				ENABLE_NS_ASSERTIONS = NO;
				ENABLE_STRICT_OBJC_MSGSEND = YES;
				GCC_C_LANGUAGE_STANDARD = gnu99;
				GCC_NO_COMMON_BLOCKS = YES;
				GCC_WARN_64_TO_32_BIT_CONVERSION = YES;
				GCC_WARN_ABOUT_RETURN_TYPE = YES_ERROR;
				GCC_WARN_UNDECLARED_SELECTOR = YES;
				GCC_WARN_UNINITIALIZED_AUTOS = YES_AGGRESSIVE;
				GCC_WARN_UNUSED_FUNCTION = YES;
				GCC_WARN_UNUSED_VARIABLE = YES;
				IPHONEOS_DEPLOYMENT_TARGET = 10.2;
				MTL_ENABLE_DEBUG_INFO = NO;
				SDKROOT = iphoneos;
				SWIFT_OPTIMIZATION_LEVEL = "-Owholemodule";
				VALIDATE_PRODUCT = YES;
			};
			name = Release;
		};
		A2795A011E2B1CDC003CD981 /* Debug */ = {
			isa = XCBuildConfiguration;
			buildSettings = {
				ALWAYS_EMBED_SWIFT_STANDARD_LIBRARIES = YES;
				ASSETCATALOG_COMPILER_APPICON_NAME = AppIcon;
				CLANG_ENABLE_MODULES = YES;
				DEVELOPMENT_TEAM = AGKE49ZWKM;
				INFOPLIST_FILE = MindHack/Info.plist;
				LD_RUNPATH_SEARCH_PATHS = "$(inherited) @executable_path/Frameworks";
				PRODUCT_BUNDLE_IDENTIFIER = com.bryanye.MindHack;
				PRODUCT_NAME = "$(TARGET_NAME)";
				SWIFT_OBJC_BRIDGING_HEADER = "MindHack-Bridging-Header.h";
				SWIFT_OPTIMIZATION_LEVEL = "-Onone";
				SWIFT_VERSION = 3.0;
			};
			name = Debug;
		};
		A2795A021E2B1CDC003CD981 /* Release */ = {
			isa = XCBuildConfiguration;
			buildSettings = {
				ALWAYS_EMBED_SWIFT_STANDARD_LIBRARIES = YES;
				ASSETCATALOG_COMPILER_APPICON_NAME = AppIcon;
				CLANG_ENABLE_MODULES = YES;
				DEVELOPMENT_TEAM = AGKE49ZWKM;
				INFOPLIST_FILE = MindHack/Info.plist;
				LD_RUNPATH_SEARCH_PATHS = "$(inherited) @executable_path/Frameworks";
				PRODUCT_BUNDLE_IDENTIFIER = com.bryanye.MindHack;
				PRODUCT_NAME = "$(TARGET_NAME)";
				SWIFT_OBJC_BRIDGING_HEADER = "MindHack-Bridging-Header.h";
				SWIFT_VERSION = 3.0;
			};
			name = Release;
		};
/* End XCBuildConfiguration section */

/* Begin XCConfigurationList section */
		A27959E61E2B1CDC003CD981 /* Build configuration list for PBXProject "MindHack" */ = {
			isa = XCConfigurationList;
			buildConfigurations = (
				A27959FE1E2B1CDC003CD981 /* Debug */,
				A27959FF1E2B1CDC003CD981 /* Release */,
			);
			defaultConfigurationIsVisible = 0;
			defaultConfigurationName = Release;
		};
		A2795A001E2B1CDC003CD981 /* Build configuration list for PBXNativeTarget "MindHack" */ = {
			isa = XCConfigurationList;
			buildConfigurations = (
				A2795A011E2B1CDC003CD981 /* Debug */,
				A2795A021E2B1CDC003CD981 /* Release */,
			);
			defaultConfigurationIsVisible = 0;
			defaultConfigurationName = Release;
		};
/* End XCConfigurationList section */

/* Begin XCVersionGroup section */
		A27959F51E2B1CDC003CD981 /* MindHack.xcdatamodeld */ = {
			isa = XCVersionGroup;
			children = (
				A27959F61E2B1CDC003CD981 /* MindHack.xcdatamodel */,
			);
			currentVersion = A27959F61E2B1CDC003CD981 /* MindHack.xcdatamodel */;
			path = MindHack.xcdatamodeld;
			sourceTree = "<group>";
			versionGroupType = wrapper.xcdatamodel;
		};
/* End XCVersionGroup section */
	};
	rootObject = A27959E31E2B1CDC003CD981 /* Project object */;
}
