PODS:
  - SCLAlertView (0.7.0)
  - TextFieldEffects (1.3.0)

DEPENDENCIES:
  - SCLAlertView
  - TextFieldEffects

SPEC CHECKSUMS:
  SCLAlertView: 8a14ffc40590c619e183eed2298b854385f30be1
  TextFieldEffects: ef594746f17997c813e07633f8ae5acaf9b04f27

PODFILE CHECKSUM: c8b2ca0890f48195e25e2606420c8bfa62d86617

COCOAPODS: 1.1.1
